{
  "nodes": {
    "nixpkgs": {
      "locked": {
        "lastModified": 1696450810,
        "narHash": "sha256-5dvrBuBM6fWJEPvsOGtKOZiL3oNmhJStH9VpNYq9vew=",
        "path": "/nix/store/4px2j9ixab815s5vcby33gv5x6lnqxr9-source",
        "rev": "3dc2b4f8166f744c3b3e9ff8224e7c5d74a5424f",
        "type": "path"
      },
      "original": {
        "id": "nixpkgs",
        "type": "indirect"
      }
    },
    "root": {
      "inputs": {
        "nixpkgs": "nixpkgs"
      }
    }
  },
  "root": "root",
  "version": 7
}
